
Microsoft Visual Studio Solution File, Format Version 12.00
# Visual Studio 15
VisualStudioVersion = 15.0.28307.421
MinimumVisualStudioVersion = 10.0.40219.1
Project("{FAE04EC0-301F-11D3-BF4B-00C04F79EFBC}") = "TheCoopAntiquesV2", "TheCoopAntiquesV2\TheCoopAntiquesV2.csproj", "{27854676-0D9A-4D64-917D-D138DF093A43}"
EndProject
Global
	GlobalSection(SolutionConfigurationPlatforms) = preSolution
		Debug|Any CPU = Debug|Any CPU
		Release|Any CPU = Release|Any CPU
	EndGlobalSection
	GlobalSection(ProjectConfigurationPlatforms) = postSolution
		{27854676-0D9A-4D64-917D-D138DF093A43}.Debug|Any CPU.ActiveCfg = Debug|Any CPU
		{27854676-0D9A-4D64-917D-D138DF093A43}.Debug|Any CPU.Build.0 = Debug|Any CPU
		{27854676-0D9A-4D64-917D-D138DF093A43}.Release|Any CPU.ActiveCfg = Release|Any CPU
		{27854676-0D9A-4D64-917D-D138DF093A43}.Release|Any CPU.Build.0 = Release|Any CPU
	EndGlobalSection
	GlobalSection(SolutionProperties) = preSolution
		HideSolutionNode = FALSE
	EndGlobalSection
	GlobalSection(ExtensibilityGlobals) = postSolution
		SolutionGuid = {B4E1648E-BD9C-4A57-A3F2-1B06F7AAEEBF}
	EndGlobalSection
EndGlobal
